// !$*UTF8*$!
{
	archiveVersion = 1;
	classes = {
	};
	objectVersion = 56;
	objects = {

/* Begin PBXBuildFile section */
		AB0093DB2A99030300BF0BD9 /* APIManager.swift in Sources */ = {isa = PBXBuildFile; fileRef = AB0093DA2A99030300BF0BD9 /* APIManager.swift */; };
		AB0093DD2A99060D00BF0BD9 /* Constants.swift in Sources */ = {isa = PBXBuildFile; fileRef = AB0093DC2A99060D00BF0BD9 /* Constants.swift */; };
		AB0093E42A9910EA00BF0BD9 /* FavouritesScreenVC.swift in Sources */ = {isa = PBXBuildFile; fileRef = AB0093E22A9910EA00BF0BD9 /* FavouritesScreenVC.swift */; };
		AB0093E52A9910EA00BF0BD9 /* FavouritesScreenVC.xib in Resources */ = {isa = PBXBuildFile; fileRef = AB0093E32A9910EA00BF0BD9 /* FavouritesScreenVC.xib */; };
		AB0093FC2A995BE100BF0BD9 /* CurrencyViewModel.swift in Sources */ = {isa = PBXBuildFile; fileRef = AB0093FB2A995BE100BF0BD9 /* CurrencyViewModel.swift */; };
		AB0094012A995C8100BF0BD9 /* AllCurrenciesModel.swift in Sources */ = {isa = PBXBuildFile; fileRef = AB0094002A995C8100BF0BD9 /* AllCurrenciesModel.swift */; };
		AB0094042A995CF300BF0BD9 /* OptionallyDecodable in Frameworks */ = {isa = PBXBuildFile; productRef = AB0094032A995CF300BF0BD9 /* OptionallyDecodable */; };
		AB0094072A99630E00BF0BD9 /* SDWebImageSwiftUI in Frameworks */ = {isa = PBXBuildFile; productRef = AB0094062A99630E00BF0BD9 /* SDWebImageSwiftUI */; };
		AB00940A2A996AE900BF0BD9 /* SDWebImageSVGCoder in Frameworks */ = {isa = PBXBuildFile; productRef = AB0094092A996AE900BF0BD9 /* SDWebImageSVGCoder */; };
		AB09FE0D2A9D1A1200D0F192 /* BM_Currency_GraduationTests.swift in Sources */ = {isa = PBXBuildFile; fileRef = AB09FE0C2A9D1A1200D0F192 /* BM_Currency_GraduationTests.swift */; };
		AB09FE142A9D1A8400D0F192 /* API-Manager-Test.swift in Sources */ = {isa = PBXBuildFile; fileRef = AB09FE132A9D1A8400D0F192 /* API-Manager-Test.swift */; };
		AB09FE172A9D1B0900D0F192 /* iOSDropDown in Frameworks */ = {isa = PBXBuildFile; productRef = AB09FE162A9D1B0900D0F192 /* iOSDropDown */; };
		AB09FE212A9D1B0900D0F192 /* OptionallyDecodable in Frameworks */ = {isa = PBXBuildFile; productRef = AB09FE202A9D1B0900D0F192 /* OptionallyDecodable */; };
		AB09FE232A9D1B0900D0F192 /* SDWebImageSwiftUI in Frameworks */ = {isa = PBXBuildFile; productRef = AB09FE222A9D1B0900D0F192 /* SDWebImageSwiftUI */; };
		AB09FE252A9D1B0900D0F192 /* SDWebImageSVGCoder in Frameworks */ = {isa = PBXBuildFile; productRef = AB09FE242A9D1B0900D0F192 /* SDWebImageSVGCoder */; };
		AB09FE272A9D1B0900D0F192 /* Realm in Frameworks */ = {isa = PBXBuildFile; productRef = AB09FE262A9D1B0900D0F192 /* Realm */; };
		AB09FE2D2A9D22C800D0F192 /* Bundle + unitTest.swift in Sources */ = {isa = PBXBuildFile; fileRef = AB09FE2C2A9D22C800D0F192 /* Bundle + unitTest.swift */; };
		AB09FE2F2A9D266300D0F192 /* stub.json in Resources */ = {isa = PBXBuildFile; fileRef = AB09FE2E2A9D266300D0F192 /* stub.json */; };
		AB09FE322A9D637D00D0F192 /* RxBlocking in Frameworks */ = {isa = PBXBuildFile; productRef = AB09FE312A9D637D00D0F192 /* RxBlocking */; };
		AB09FE342A9D637D00D0F192 /* RxCocoa in Frameworks */ = {isa = PBXBuildFile; productRef = AB09FE332A9D637D00D0F192 /* RxCocoa */; };
		AB09FE362A9D637D00D0F192 /* RxRelay in Frameworks */ = {isa = PBXBuildFile; productRef = AB09FE352A9D637D00D0F192 /* RxRelay */; };
		AB09FE382A9D637D00D0F192 /* RxSwift in Frameworks */ = {isa = PBXBuildFile; productRef = AB09FE372A9D637D00D0F192 /* RxSwift */; };
		AB09FE3C2A9D63B000D0F192 /* RxBlocking in Frameworks */ = {isa = PBXBuildFile; productRef = AB09FE3B2A9D63B000D0F192 /* RxBlocking */; };
		AB09FE3E2A9D63B000D0F192 /* RxCocoa in Frameworks */ = {isa = PBXBuildFile; productRef = AB09FE3D2A9D63B000D0F192 /* RxCocoa */; };
		AB09FE402A9D63B000D0F192 /* RxRelay in Frameworks */ = {isa = PBXBuildFile; productRef = AB09FE3F2A9D63B000D0F192 /* RxRelay */; };
		AB09FE422A9D63B000D0F192 /* RxSwift in Frameworks */ = {isa = PBXBuildFile; productRef = AB09FE412A9D63B000D0F192 /* RxSwift */; };
		AB09FE472A9D6CBE00D0F192 /* Converstion_Test.swift in Sources */ = {isa = PBXBuildFile; fileRef = AB09FE462A9D6CBE00D0F192 /* Converstion_Test.swift */; };
		AB09FE492A9DF2B500D0F192 /* RxTest-Dynamic in Frameworks */ = {isa = PBXBuildFile; productRef = AB09FE482A9DF2B500D0F192 /* RxTest-Dynamic */; };
		AB09FE4B2A9DF2B500D0F192 /* RxTest-Dynamic in Embed Frameworks */ = {isa = PBXBuildFile; productRef = AB09FE482A9DF2B500D0F192 /* RxTest-Dynamic */; settings = {ATTRIBUTES = (CodeSignOnCopy, ); }; };
		AB09FE4D2A9E32C200D0F192 /* APIManagerMock.swift in Sources */ = {isa = PBXBuildFile; fileRef = AB09FE4C2A9E32C200D0F192 /* APIManagerMock.swift */; };
		AB09FE4F2A9E38CA00D0F192 /* CurrencyViewModelTest.swift in Sources */ = {isa = PBXBuildFile; fileRef = AB09FE4E2A9E38CA00D0F192 /* CurrencyViewModelTest.swift */; };
		AB0FD12B2A9667EE00E75270 /* AppDelegate.swift in Sources */ = {isa = PBXBuildFile; fileRef = AB0FD12A2A9667EE00E75270 /* AppDelegate.swift */; };
		AB0FD12D2A9667EE00E75270 /* SceneDelegate.swift in Sources */ = {isa = PBXBuildFile; fileRef = AB0FD12C2A9667EE00E75270 /* SceneDelegate.swift */; };
		AB0FD12F2A9667EE00E75270 /* ViewController.swift in Sources */ = {isa = PBXBuildFile; fileRef = AB0FD12E2A9667EE00E75270 /* ViewController.swift */; };
		AB0FD1322A9667EE00E75270 /* Main.storyboard in Resources */ = {isa = PBXBuildFile; fileRef = AB0FD1302A9667EE00E75270 /* Main.storyboard */; };
		AB0FD1342A9667EE00E75270 /* Assets.xcassets in Resources */ = {isa = PBXBuildFile; fileRef = AB0FD1332A9667EE00E75270 /* Assets.xcassets */; };
		AB0FD1372A9667EE00E75270 /* LaunchScreen.storyboard in Resources */ = {isa = PBXBuildFile; fileRef = AB0FD1352A9667EE00E75270 /* LaunchScreen.storyboard */; };
		AB0FD1452A9699BE00E75270 /* ConvertViewController.swift in Sources */ = {isa = PBXBuildFile; fileRef = AB0FD1442A9699BE00E75270 /* ConvertViewController.swift */; };
		AB0FD1472A9699CA00E75270 /* CompareViewController.swift in Sources */ = {isa = PBXBuildFile; fileRef = AB0FD1462A9699CA00E75270 /* CompareViewController.swift */; };
		AB0FD14D2A96A76900E75270 /* CustomSegmentedControl.swift in Sources */ = {isa = PBXBuildFile; fileRef = AB0FD14C2A96A76900E75270 /* CustomSegmentedControl.swift */; };
		AB49F7B92A97CE1B001A7F15 /* InSideFTVCell.swift in Sources */ = {isa = PBXBuildFile; fileRef = AB49F7B72A97CE1B001A7F15 /* InSideFTVCell.swift */; };
		AB49F7BA2A97CE1B001A7F15 /* InSideFTVCell.xib in Resources */ = {isa = PBXBuildFile; fileRef = AB49F7B82A97CE1B001A7F15 /* InSideFTVCell.xib */; };
		AB49F7BC2A97D974001A7F15 /* RadioButton.swift in Sources */ = {isa = PBXBuildFile; fileRef = AB49F7BB2A97D974001A7F15 /* RadioButton.swift */; };
		AB49F7BF2A98000B001A7F15 /* iOSDropDown in Frameworks */ = {isa = PBXBuildFile; productRef = AB49F7BE2A98000B001A7F15 /* iOSDropDown */; };
		AB55D2E02A9A541B00661288 /* Extenstions.swift in Sources */ = {isa = PBXBuildFile; fileRef = AB55D2DF2A9A541B00661288 /* Extenstions.swift */; };
		AB55D2E22A9A5F8400661288 /* ConvertModel.swift in Sources */ = {isa = PBXBuildFile; fileRef = AB55D2E12A9A5F8400661288 /* ConvertModel.swift */; };
		AB55D2E42A9A8C9600661288 /* CompareModel.swift in Sources */ = {isa = PBXBuildFile; fileRef = AB55D2E32A9A8C9600661288 /* CompareModel.swift */; };
		AB55D2E72A9AA8EB00661288 /* Realm in Frameworks */ = {isa = PBXBuildFile; productRef = AB55D2E62A9AA8EB00661288 /* Realm */; };
		AB55D2E92A9AA8EB00661288 /* RealmSwift in Frameworks */ = {isa = PBXBuildFile; productRef = AB55D2E82A9AA8EB00661288 /* RealmSwift */; };
		AB91BF0D2A9B59D800AEE95D /* FavouriteItem.swift in Sources */ = {isa = PBXBuildFile; fileRef = AB91BF0C2A9B59D800AEE95D /* FavouriteItem.swift */; };
		AB91BF102A9B5D3B00AEE95D /* FavoritesManager.swift in Sources */ = {isa = PBXBuildFile; fileRef = AB91BF0F2A9B5D3B00AEE95D /* FavoritesManager.swift */; };
		AB91BF182A9C0A5600AEE95D /* ConvertionRate.swift in Sources */ = {isa = PBXBuildFile; fileRef = AB91BF172A9C0A5600AEE95D /* ConvertionRate.swift */; };
		ABE8D6992A97A54100ED898C /* OutSideFTVCell.swift in Sources */ = {isa = PBXBuildFile; fileRef = ABE8D6972A97A54100ED898C /* OutSideFTVCell.swift */; };
		ABE8D69A2A97A54100ED898C /* OutSideFTVCell.xib in Resources */ = {isa = PBXBuildFile; fileRef = ABE8D6982A97A54100ED898C /* OutSideFTVCell.xib */; };
/* End PBXBuildFile section */

/* Begin PBXContainerItemProxy section */
		AB09FE0E2A9D1A1200D0F192 /* PBXContainerItemProxy */ = {
			isa = PBXContainerItemProxy;
			containerPortal = AB0FD11F2A9667ED00E75270 /* Project object */;
			proxyType = 1;
			remoteGlobalIDString = AB0FD1262A9667EE00E75270;
			remoteInfo = "BM-Currency-Graduation";
		};
/* End PBXContainerItemProxy section */

/* Begin PBXCopyFilesBuildPhase section */
		AB09FE4A2A9DF2B500D0F192 /* Embed Frameworks */ = {
			isa = PBXCopyFilesBuildPhase;
			buildActionMask = 2147483647;
			dstPath = "";
			dstSubfolderSpec = 10;
			files = (
				AB09FE4B2A9DF2B500D0F192 /* RxTest-Dynamic in Embed Frameworks */,
			);
			name = "Embed Frameworks";
			runOnlyForDeploymentPostprocessing = 0;
		};
/* End PBXCopyFilesBuildPhase section */

/* Begin PBXFileReference section */
		AB0093DA2A99030300BF0BD9 /* APIManager.swift */ = {isa = PBXFileReference; lastKnownFileType = sourcecode.swift; path = APIManager.swift; sourceTree = "<group>"; };
		AB0093DC2A99060D00BF0BD9 /* Constants.swift */ = {isa = PBXFileReference; lastKnownFileType = sourcecode.swift; path = Constants.swift; sourceTree = "<group>"; };
		AB0093E22A9910EA00BF0BD9 /* FavouritesScreenVC.swift */ = {isa = PBXFileReference; lastKnownFileType = sourcecode.swift; path = FavouritesScreenVC.swift; sourceTree = "<group>"; };
		AB0093E32A9910EA00BF0BD9 /* FavouritesScreenVC.xib */ = {isa = PBXFileReference; lastKnownFileType = file.xib; path = FavouritesScreenVC.xib; sourceTree = "<group>"; };
		AB0093FB2A995BE100BF0BD9 /* CurrencyViewModel.swift */ = {isa = PBXFileReference; lastKnownFileType = sourcecode.swift; path = CurrencyViewModel.swift; sourceTree = "<group>"; };
		AB0094002A995C8100BF0BD9 /* AllCurrenciesModel.swift */ = {isa = PBXFileReference; lastKnownFileType = sourcecode.swift; path = AllCurrenciesModel.swift; sourceTree = "<group>"; };
		AB09FE0A2A9D1A1200D0F192 /* BM-Currency-GraduationTests.xctest */ = {isa = PBXFileReference; explicitFileType = wrapper.cfbundle; includeInIndex = 0; path = "BM-Currency-GraduationTests.xctest"; sourceTree = BUILT_PRODUCTS_DIR; };
		AB09FE0C2A9D1A1200D0F192 /* BM_Currency_GraduationTests.swift */ = {isa = PBXFileReference; lastKnownFileType = sourcecode.swift; path = BM_Currency_GraduationTests.swift; sourceTree = "<group>"; };
		AB09FE132A9D1A8400D0F192 /* API-Manager-Test.swift */ = {isa = PBXFileReference; lastKnownFileType = sourcecode.swift; path = "API-Manager-Test.swift"; sourceTree = "<group>"; };
		AB09FE2C2A9D22C800D0F192 /* Bundle + unitTest.swift */ = {isa = PBXFileReference; lastKnownFileType = sourcecode.swift; path = "Bundle + unitTest.swift"; sourceTree = "<group>"; };
		AB09FE2E2A9D266300D0F192 /* stub.json */ = {isa = PBXFileReference; lastKnownFileType = text.json; path = stub.json; sourceTree = "<group>"; };
		AB09FE452A9D65DB00D0F192 /* Info.plist */ = {isa = PBXFileReference; lastKnownFileType = text.plist; path = Info.plist; sourceTree = "<group>"; };
		AB09FE462A9D6CBE00D0F192 /* Converstion_Test.swift */ = {isa = PBXFileReference; lastKnownFileType = sourcecode.swift; path = Converstion_Test.swift; sourceTree = "<group>"; };
		AB09FE4C2A9E32C200D0F192 /* APIManagerMock.swift */ = {isa = PBXFileReference; lastKnownFileType = sourcecode.swift; path = APIManagerMock.swift; sourceTree = "<group>"; };
		AB09FE4E2A9E38CA00D0F192 /* CurrencyViewModelTest.swift */ = {isa = PBXFileReference; lastKnownFileType = sourcecode.swift; path = CurrencyViewModelTest.swift; sourceTree = "<group>"; };
		AB0FD1272A9667EE00E75270 /* BM-Currency-Graduation.app */ = {isa = PBXFileReference; explicitFileType = wrapper.application; includeInIndex = 0; path = "BM-Currency-Graduation.app"; sourceTree = BUILT_PRODUCTS_DIR; };
		AB0FD12A2A9667EE00E75270 /* AppDelegate.swift */ = {isa = PBXFileReference; lastKnownFileType = sourcecode.swift; path = AppDelegate.swift; sourceTree = "<group>"; };
		AB0FD12C2A9667EE00E75270 /* SceneDelegate.swift */ = {isa = PBXFileReference; lastKnownFileType = sourcecode.swift; path = SceneDelegate.swift; sourceTree = "<group>"; };
		AB0FD12E2A9667EE00E75270 /* ViewController.swift */ = {isa = PBXFileReference; lastKnownFileType = sourcecode.swift; path = ViewController.swift; sourceTree = "<group>"; };
		AB0FD1312A9667EE00E75270 /* Base */ = {isa = PBXFileReference; lastKnownFileType = file.storyboard; name = Base; path = Base.lproj/Main.storyboard; sourceTree = "<group>"; };
		AB0FD1332A9667EE00E75270 /* Assets.xcassets */ = {isa = PBXFileReference; lastKnownFileType = folder.assetcatalog; path = Assets.xcassets; sourceTree = "<group>"; };
		AB0FD1362A9667EE00E75270 /* Base */ = {isa = PBXFileReference; lastKnownFileType = file.storyboard; name = Base; path = Base.lproj/LaunchScreen.storyboard; sourceTree = "<group>"; };
		AB0FD1382A9667EE00E75270 /* Info.plist */ = {isa = PBXFileReference; lastKnownFileType = text.plist.xml; path = Info.plist; sourceTree = "<group>"; };
		AB0FD1422A966FF500E75270 /* Montserrat-VariableFont_wght.ttf */ = {isa = PBXFileReference; lastKnownFileType = file; path = "Montserrat-VariableFont_wght.ttf"; sourceTree = "<group>"; };
		AB0FD1432A9673EE00E75270 /* Poppins-Regular.ttf */ = {isa = PBXFileReference; lastKnownFileType = file; path = "Poppins-Regular.ttf"; sourceTree = "<group>"; };
		AB0FD1442A9699BE00E75270 /* ConvertViewController.swift */ = {isa = PBXFileReference; lastKnownFileType = sourcecode.swift; path = ConvertViewController.swift; sourceTree = "<group>"; };
		AB0FD1462A9699CA00E75270 /* CompareViewController.swift */ = {isa = PBXFileReference; lastKnownFileType = sourcecode.swift; path = CompareViewController.swift; sourceTree = "<group>"; };
		AB0FD14C2A96A76900E75270 /* CustomSegmentedControl.swift */ = {isa = PBXFileReference; lastKnownFileType = sourcecode.swift; path = CustomSegmentedControl.swift; sourceTree = "<group>"; };
		AB49F7B72A97CE1B001A7F15 /* InSideFTVCell.swift */ = {isa = PBXFileReference; lastKnownFileType = sourcecode.swift; path = InSideFTVCell.swift; sourceTree = "<group>"; };
		AB49F7B82A97CE1B001A7F15 /* InSideFTVCell.xib */ = {isa = PBXFileReference; lastKnownFileType = file.xib; path = InSideFTVCell.xib; sourceTree = "<group>"; };
		AB49F7BB2A97D974001A7F15 /* RadioButton.swift */ = {isa = PBXFileReference; lastKnownFileType = sourcecode.swift; path = RadioButton.swift; sourceTree = "<group>"; };
		AB55D2DF2A9A541B00661288 /* Extenstions.swift */ = {isa = PBXFileReference; lastKnownFileType = sourcecode.swift; path = Extenstions.swift; sourceTree = "<group>"; };
		AB55D2E12A9A5F8400661288 /* ConvertModel.swift */ = {isa = PBXFileReference; lastKnownFileType = sourcecode.swift; path = ConvertModel.swift; sourceTree = "<group>"; };
		AB55D2E32A9A8C9600661288 /* CompareModel.swift */ = {isa = PBXFileReference; lastKnownFileType = sourcecode.swift; path = CompareModel.swift; sourceTree = "<group>"; };
		AB91BF0C2A9B59D800AEE95D /* FavouriteItem.swift */ = {isa = PBXFileReference; lastKnownFileType = sourcecode.swift; path = FavouriteItem.swift; sourceTree = "<group>"; };
		AB91BF0F2A9B5D3B00AEE95D /* FavoritesManager.swift */ = {isa = PBXFileReference; lastKnownFileType = sourcecode.swift; path = FavoritesManager.swift; sourceTree = "<group>"; };
		AB91BF172A9C0A5600AEE95D /* ConvertionRate.swift */ = {isa = PBXFileReference; lastKnownFileType = sourcecode.swift; path = ConvertionRate.swift; sourceTree = "<group>"; };
		ABE8D6932A976B7000ED898C /* Poppins-Medium.ttf */ = {isa = PBXFileReference; lastKnownFileType = file; path = "Poppins-Medium.ttf"; sourceTree = "<group>"; };
		ABE8D6942A979FC000ED898C /* Poppins-SemiBold.ttf */ = {isa = PBXFileReference; lastKnownFileType = file; path = "Poppins-SemiBold.ttf"; sourceTree = "<group>"; };
		ABE8D6972A97A54100ED898C /* OutSideFTVCell.swift */ = {isa = PBXFileReference; lastKnownFileType = sourcecode.swift; path = OutSideFTVCell.swift; sourceTree = "<group>"; };
		ABE8D6982A97A54100ED898C /* OutSideFTVCell.xib */ = {isa = PBXFileReference; lastKnownFileType = file.xib; path = OutSideFTVCell.xib; sourceTree = "<group>"; };
/* End PBXFileReference section */

/* Begin PBXFrameworksBuildPhase section */
		AB09FE072A9D1A1200D0F192 /* Frameworks */ = {
			isa = PBXFrameworksBuildPhase;
			buildActionMask = 2147483647;
			files = (
				AB09FE422A9D63B000D0F192 /* RxSwift in Frameworks */,
				AB09FE232A9D1B0900D0F192 /* SDWebImageSwiftUI in Frameworks */,
				AB09FE3C2A9D63B000D0F192 /* RxBlocking in Frameworks */,
				AB09FE172A9D1B0900D0F192 /* iOSDropDown in Frameworks */,
				AB09FE3E2A9D63B000D0F192 /* RxCocoa in Frameworks */,
				AB09FE272A9D1B0900D0F192 /* Realm in Frameworks */,
				AB09FE212A9D1B0900D0F192 /* OptionallyDecodable in Frameworks */,
				AB09FE402A9D63B000D0F192 /* RxRelay in Frameworks */,
				AB09FE492A9DF2B500D0F192 /* RxTest-Dynamic in Frameworks */,
				AB09FE252A9D1B0900D0F192 /* SDWebImageSVGCoder in Frameworks */,
			);
			runOnlyForDeploymentPostprocessing = 0;
		};
		AB0FD1242A9667EE00E75270 /* Frameworks */ = {
			isa = PBXFrameworksBuildPhase;
			buildActionMask = 2147483647;
			files = (
				AB09FE362A9D637D00D0F192 /* RxRelay in Frameworks */,
				AB0094072A99630E00BF0BD9 /* SDWebImageSwiftUI in Frameworks */,
				AB09FE382A9D637D00D0F192 /* RxSwift in Frameworks */,
				AB49F7BF2A98000B001A7F15 /* iOSDropDown in Frameworks */,
				AB55D2E72A9AA8EB00661288 /* Realm in Frameworks */,
				AB0094042A995CF300BF0BD9 /* OptionallyDecodable in Frameworks */,
				AB55D2E92A9AA8EB00661288 /* RealmSwift in Frameworks */,
				AB00940A2A996AE900BF0BD9 /* SDWebImageSVGCoder in Frameworks */,
				AB09FE342A9D637D00D0F192 /* RxCocoa in Frameworks */,
				AB09FE322A9D637D00D0F192 /* RxBlocking in Frameworks */,
			);
			runOnlyForDeploymentPostprocessing = 0;
		};
/* End PBXFrameworksBuildPhase section */

/* Begin PBXGroup section */
		AB0093D92A9902EA00BF0BD9 /* Netwokring */ = {
			isa = PBXGroup;
			children = (
				AB0093DA2A99030300BF0BD9 /* APIManager.swift */,
			);
			path = Netwokring;
			sourceTree = "<group>";
		};
		AB0093E02A9910AF00BF0BD9 /* Favourites Screen */ = {
			isa = PBXGroup;
			children = (
				AB0093E22A9910EA00BF0BD9 /* FavouritesScreenVC.swift */,
				AB0093E32A9910EA00BF0BD9 /* FavouritesScreenVC.xib */,
			);
			path = "Favourites Screen";
			sourceTree = "<group>";
		};
		AB0093FF2A995C6B00BF0BD9 /* parsers */ = {
			isa = PBXGroup;
			children = (
				AB0094002A995C8100BF0BD9 /* AllCurrenciesModel.swift */,
				AB55D2E12A9A5F8400661288 /* ConvertModel.swift */,
				AB55D2E32A9A8C9600661288 /* CompareModel.swift */,
				AB91BF172A9C0A5600AEE95D /* ConvertionRate.swift */,
			);
			path = parsers;
			sourceTree = "<group>";
		};
		AB09FE0B2A9D1A1200D0F192 /* BM-Currency-GraduationTests */ = {
			isa = PBXGroup;
			children = (
				AB09FE452A9D65DB00D0F192 /* Info.plist */,
				AB09FE0C2A9D1A1200D0F192 /* BM_Currency_GraduationTests.swift */,
				AB09FE462A9D6CBE00D0F192 /* Converstion_Test.swift */,
				AB09FE4E2A9E38CA00D0F192 /* CurrencyViewModelTest.swift */,
				AB09FE132A9D1A8400D0F192 /* API-Manager-Test.swift */,
				AB09FE4C2A9E32C200D0F192 /* APIManagerMock.swift */,
				AB09FE2C2A9D22C800D0F192 /* Bundle + unitTest.swift */,
				AB09FE2E2A9D266300D0F192 /* stub.json */,
			);
			path = "BM-Currency-GraduationTests";
			sourceTree = "<group>";
		};
		AB09FE152A9D1B0900D0F192 /* Frameworks */ = {
			isa = PBXGroup;
			children = (
			);
			name = Frameworks;
			sourceTree = "<group>";
		};
		AB0FD11E2A9667ED00E75270 = {
			isa = PBXGroup;
			children = (
				AB0FD1292A9667EE00E75270 /* BM-Currency-Graduation */,
				AB09FE0B2A9D1A1200D0F192 /* BM-Currency-GraduationTests */,
				AB0FD1282A9667EE00E75270 /* Products */,
				AB09FE152A9D1B0900D0F192 /* Frameworks */,
			);
			sourceTree = "<group>";
		};
		AB0FD1282A9667EE00E75270 /* Products */ = {
			isa = PBXGroup;
			children = (
				AB0FD1272A9667EE00E75270 /* BM-Currency-Graduation.app */,
				AB09FE0A2A9D1A1200D0F192 /* BM-Currency-GraduationTests.xctest */,
			);
			name = Products;
			sourceTree = "<group>";
		};
		AB0FD1292A9667EE00E75270 /* BM-Currency-Graduation */ = {
			isa = PBXGroup;
			children = (
				AB0FD12A2A9667EE00E75270 /* AppDelegate.swift */,
				AB0FD12C2A9667EE00E75270 /* SceneDelegate.swift */,
				AB0FD13E2A96680A00E75270 /* Model */,
				AB0FD13F2A96680F00E75270 /* VIewModel */,
				AB0FD1402A96681500E75270 /* View */,
				AB91BF0E2A9B5D2300AEE95D /* Data Manager */,
				AB0093D92A9902EA00BF0BD9 /* Netwokring */,
				AB0FD1412A966FE000E75270 /* Resources */,
				AB0FD14A2A96A74A00E75270 /* Extenstions */,
				AB0FD1332A9667EE00E75270 /* Assets.xcassets */,
				AB0FD1352A9667EE00E75270 /* LaunchScreen.storyboard */,
				AB0FD1382A9667EE00E75270 /* Info.plist */,
			);
			path = "BM-Currency-Graduation";
			sourceTree = "<group>";
		};
		AB0FD13E2A96680A00E75270 /* Model */ = {
			isa = PBXGroup;
			children = (
				AB0093FF2A995C6B00BF0BD9 /* parsers */,
				AB91BF0C2A9B59D800AEE95D /* FavouriteItem.swift */,
			);
			path = Model;
			sourceTree = "<group>";
		};
		AB0FD13F2A96680F00E75270 /* VIewModel */ = {
			isa = PBXGroup;
			children = (
				AB0093FB2A995BE100BF0BD9 /* CurrencyViewModel.swift */,
			);
			path = VIewModel;
			sourceTree = "<group>";
		};
		AB0FD1402A96681500E75270 /* View */ = {
			isa = PBXGroup;
			children = (
				AB0FD12E2A9667EE00E75270 /* ViewController.swift */,
				AB0FD1442A9699BE00E75270 /* ConvertViewController.swift */,
				AB0FD1462A9699CA00E75270 /* CompareViewController.swift */,
				AB0093E02A9910AF00BF0BD9 /* Favourites Screen */,
				AB0FD14B2A96A75800E75270 /* Customs */,
				ABE8D6952A97A4E800ED898C /* Cells */,
				AB0FD1302A9667EE00E75270 /* Main.storyboard */,
			);
			path = View;
			sourceTree = "<group>";
		};
		AB0FD1412A966FE000E75270 /* Resources */ = {
			isa = PBXGroup;
			children = (
				AB0FD1432A9673EE00E75270 /* Poppins-Regular.ttf */,
				ABE8D6942A979FC000ED898C /* Poppins-SemiBold.ttf */,
				ABE8D6932A976B7000ED898C /* Poppins-Medium.ttf */,
				AB0FD1422A966FF500E75270 /* Montserrat-VariableFont_wght.ttf */,
			);
			path = Resources;
			sourceTree = "<group>";
		};
		AB0FD14A2A96A74A00E75270 /* Extenstions */ = {
			isa = PBXGroup;
			children = (
				AB0093DC2A99060D00BF0BD9 /* Constants.swift */,
				AB55D2DF2A9A541B00661288 /* Extenstions.swift */,
			);
			path = Extenstions;
			sourceTree = "<group>";
		};
		AB0FD14B2A96A75800E75270 /* Customs */ = {
			isa = PBXGroup;
			children = (
				AB0FD14C2A96A76900E75270 /* CustomSegmentedControl.swift */,
				AB49F7BB2A97D974001A7F15 /* RadioButton.swift */,
			);
			path = Customs;
			sourceTree = "<group>";
		};
		AB49F7B62A97CDE5001A7F15 /* InSide Cell */ = {
			isa = PBXGroup;
			children = (
				AB49F7B72A97CE1B001A7F15 /* InSideFTVCell.swift */,
				AB49F7B82A97CE1B001A7F15 /* InSideFTVCell.xib */,
			);
			path = "InSide Cell";
			sourceTree = "<group>";
		};
		AB91BF0E2A9B5D2300AEE95D /* Data Manager */ = {
			isa = PBXGroup;
			children = (
				AB91BF0F2A9B5D3B00AEE95D /* FavoritesManager.swift */,
			);
			path = "Data Manager";
			sourceTree = "<group>";
		};
		ABE8D6952A97A4E800ED898C /* Cells */ = {
			isa = PBXGroup;
			children = (
				AB49F7B62A97CDE5001A7F15 /* InSide Cell */,
				ABE8D6962A97A51300ED898C /* OutSide Cell */,
			);
			path = Cells;
			sourceTree = "<group>";
		};
		ABE8D6962A97A51300ED898C /* OutSide Cell */ = {
			isa = PBXGroup;
			children = (
				ABE8D6972A97A54100ED898C /* OutSideFTVCell.swift */,
				ABE8D6982A97A54100ED898C /* OutSideFTVCell.xib */,
			);
			path = "OutSide Cell";
			sourceTree = "<group>";
		};
/* End PBXGroup section */

/* Begin PBXNativeTarget section */
		AB09FE092A9D1A1200D0F192 /* BM-Currency-GraduationTests */ = {
			isa = PBXNativeTarget;
			buildConfigurationList = AB09FE122A9D1A1200D0F192 /* Build configuration list for PBXNativeTarget "BM-Currency-GraduationTests" */;
			buildPhases = (
				AB09FE062A9D1A1200D0F192 /* Sources */,
				AB09FE072A9D1A1200D0F192 /* Frameworks */,
				AB09FE082A9D1A1200D0F192 /* Resources */,
				AB09FE4A2A9DF2B500D0F192 /* Embed Frameworks */,
			);
			buildRules = (
			);
			dependencies = (
				AB09FE0F2A9D1A1200D0F192 /* PBXTargetDependency */,
			);
			name = "BM-Currency-GraduationTests";
			packageProductDependencies = (
				AB09FE162A9D1B0900D0F192 /* iOSDropDown */,
				AB09FE202A9D1B0900D0F192 /* OptionallyDecodable */,
				AB09FE222A9D1B0900D0F192 /* SDWebImageSwiftUI */,
				AB09FE242A9D1B0900D0F192 /* SDWebImageSVGCoder */,
				AB09FE262A9D1B0900D0F192 /* Realm */,
				AB09FE3B2A9D63B000D0F192 /* RxBlocking */,
				AB09FE3D2A9D63B000D0F192 /* RxCocoa */,
				AB09FE3F2A9D63B000D0F192 /* RxRelay */,
				AB09FE412A9D63B000D0F192 /* RxSwift */,
				AB09FE482A9DF2B500D0F192 /* RxTest-Dynamic */,
			);
			productName = "BM-Currency-GraduationTests";
			productReference = AB09FE0A2A9D1A1200D0F192 /* BM-Currency-GraduationTests.xctest */;
			productType = "com.apple.product-type.bundle.unit-test";
		};
		AB0FD1262A9667EE00E75270 /* BM-Currency-Graduation */ = {
			isa = PBXNativeTarget;
			buildConfigurationList = AB0FD13B2A9667EE00E75270 /* Build configuration list for PBXNativeTarget "BM-Currency-Graduation" */;
			buildPhases = (
				AB0FD1232A9667EE00E75270 /* Sources */,
				AB0FD1242A9667EE00E75270 /* Frameworks */,
				AB0FD1252A9667EE00E75270 /* Resources */,
			);
			buildRules = (
			);
			dependencies = (
			);
			name = "BM-Currency-Graduation";
			packageProductDependencies = (
				AB49F7BE2A98000B001A7F15 /* iOSDropDown */,
				AB0094032A995CF300BF0BD9 /* OptionallyDecodable */,
				AB0094062A99630E00BF0BD9 /* SDWebImageSwiftUI */,
				AB0094092A996AE900BF0BD9 /* SDWebImageSVGCoder */,
				AB55D2E62A9AA8EB00661288 /* Realm */,
				AB55D2E82A9AA8EB00661288 /* RealmSwift */,
				AB09FE312A9D637D00D0F192 /* RxBlocking */,
				AB09FE332A9D637D00D0F192 /* RxCocoa */,
				AB09FE352A9D637D00D0F192 /* RxRelay */,
				AB09FE372A9D637D00D0F192 /* RxSwift */,
			);
			productName = "BM-Currency-Graduation";
			productReference = AB0FD1272A9667EE00E75270 /* BM-Currency-Graduation.app */;
			productType = "com.apple.product-type.application";
		};
/* End PBXNativeTarget section */

/* Begin PBXProject section */
		AB0FD11F2A9667ED00E75270 /* Project object */ = {
			isa = PBXProject;
			attributes = {
				BuildIndependentTargetsInParallel = 1;
				LastSwiftUpdateCheck = 1430;
				LastUpgradeCheck = 1430;
				TargetAttributes = {
					AB09FE092A9D1A1200D0F192 = {
						CreatedOnToolsVersion = 14.3.1;
						TestTargetID = AB0FD1262A9667EE00E75270;
					};
					AB0FD1262A9667EE00E75270 = {
						CreatedOnToolsVersion = 14.3.1;
					};
				};
			};
			buildConfigurationList = AB0FD1222A9667ED00E75270 /* Build configuration list for PBXProject "BM-Currency-Graduation" */;
			compatibilityVersion = "Xcode 14.0";
			developmentRegion = en;
			hasScannedForEncodings = 0;
			knownRegions = (
				en,
				Base,
			);
			mainGroup = AB0FD11E2A9667ED00E75270;
			packageReferences = (
				AB49F7BD2A98000B001A7F15 /* XCRemoteSwiftPackageReference "iOSDropDown" */,
				AB0094022A995CF200BF0BD9 /* XCRemoteSwiftPackageReference "OptionallyDecodable" */,
				AB0094052A99630E00BF0BD9 /* XCRemoteSwiftPackageReference "SDWebImageSwiftUI" */,
				AB0094082A996AE900BF0BD9 /* XCRemoteSwiftPackageReference "SDWebImageSVGCoder" */,
				AB55D2E52A9AA8EB00661288 /* XCRemoteSwiftPackageReference "realm-swift" */,
				AB09FE302A9D637D00D0F192 /* XCRemoteSwiftPackageReference "RxSwift" */,
			);
			productRefGroup = AB0FD1282A9667EE00E75270 /* Products */;
			projectDirPath = "";
			projectRoot = "";
			targets = (
				AB0FD1262A9667EE00E75270 /* BM-Currency-Graduation */,
				AB09FE092A9D1A1200D0F192 /* BM-Currency-GraduationTests */,
			);
		};
/* End PBXProject section */

/* Begin PBXResourcesBuildPhase section */
		AB09FE082A9D1A1200D0F192 /* Resources */ = {
			isa = PBXResourcesBuildPhase;
			buildActionMask = 2147483647;
			files = (
				AB09FE2F2A9D266300D0F192 /* stub.json in Resources */,
			);
			runOnlyForDeploymentPostprocessing = 0;
		};
		AB0FD1252A9667EE00E75270 /* Resources */ = {
			isa = PBXResourcesBuildPhase;
			buildActionMask = 2147483647;
			files = (
				AB0093E52A9910EA00BF0BD9 /* FavouritesScreenVC.xib in Resources */,
				ABE8D69A2A97A54100ED898C /* OutSideFTVCell.xib in Resources */,
				AB0FD1372A9667EE00E75270 /* LaunchScreen.storyboard in Resources */,
				AB0FD1342A9667EE00E75270 /* Assets.xcassets in Resources */,
				AB49F7BA2A97CE1B001A7F15 /* InSideFTVCell.xib in Resources */,
				AB0FD1322A9667EE00E75270 /* Main.storyboard in Resources */,
			);
			runOnlyForDeploymentPostprocessing = 0;
		};
/* End PBXResourcesBuildPhase section */

/* Begin PBXSourcesBuildPhase section */
		AB09FE062A9D1A1200D0F192 /* Sources */ = {
			isa = PBXSourcesBuildPhase;
			buildActionMask = 2147483647;
			files = (
				AB09FE4D2A9E32C200D0F192 /* APIManagerMock.swift in Sources */,
				AB09FE4F2A9E38CA00D0F192 /* CurrencyViewModelTest.swift in Sources */,
				AB09FE142A9D1A8400D0F192 /* API-Manager-Test.swift in Sources */,
				AB09FE0D2A9D1A1200D0F192 /* BM_Currency_GraduationTests.swift in Sources */,
				AB09FE472A9D6CBE00D0F192 /* Converstion_Test.swift in Sources */,
				AB09FE2D2A9D22C800D0F192 /* Bundle + unitTest.swift in Sources */,
			);
			runOnlyForDeploymentPostprocessing = 0;
		};
		AB0FD1232A9667EE00E75270 /* Sources */ = {
			isa = PBXSourcesBuildPhase;
			buildActionMask = 2147483647;
			files = (
				AB0093DB2A99030300BF0BD9 /* APIManager.swift in Sources */,
				AB49F7BC2A97D974001A7F15 /* RadioButton.swift in Sources */,
				AB91BF182A9C0A5600AEE95D /* ConvertionRate.swift in Sources */,
				AB91BF0D2A9B59D800AEE95D /* FavouriteItem.swift in Sources */,
				AB0093E42A9910EA00BF0BD9 /* FavouritesScreenVC.swift in Sources */,
				AB49F7B92A97CE1B001A7F15 /* InSideFTVCell.swift in Sources */,
				AB55D2E42A9A8C9600661288 /* CompareModel.swift in Sources */,
				AB0094012A995C8100BF0BD9 /* AllCurrenciesModel.swift in Sources */,
				ABE8D6992A97A54100ED898C /* OutSideFTVCell.swift in Sources */,
				AB0FD14D2A96A76900E75270 /* CustomSegmentedControl.swift in Sources */,
				AB91BF102A9B5D3B00AEE95D /* FavoritesManager.swift in Sources */,
				AB0FD12F2A9667EE00E75270 /* ViewController.swift in Sources */,
				AB0093FC2A995BE100BF0BD9 /* CurrencyViewModel.swift in Sources */,
				AB0093DD2A99060D00BF0BD9 /* Constants.swift in Sources */,
				AB0FD12B2A9667EE00E75270 /* AppDelegate.swift in Sources */,
				AB55D2E02A9A541B00661288 /* Extenstions.swift in Sources */,
				AB55D2E22A9A5F8400661288 /* ConvertModel.swift in Sources */,
				AB0FD1472A9699CA00E75270 /* CompareViewController.swift in Sources */,
				AB0FD1452A9699BE00E75270 /* ConvertViewController.swift in Sources */,
				AB0FD12D2A9667EE00E75270 /* SceneDelegate.swift in Sources */,
			);
			runOnlyForDeploymentPostprocessing = 0;
		};
/* End PBXSourcesBuildPhase section */

/* Begin PBXTargetDependency section */
		AB09FE0F2A9D1A1200D0F192 /* PBXTargetDependency */ = {
			isa = PBXTargetDependency;
			target = AB0FD1262A9667EE00E75270 /* BM-Currency-Graduation */;
			targetProxy = AB09FE0E2A9D1A1200D0F192 /* PBXContainerItemProxy */;
		};
/* End PBXTargetDependency section */

/* Begin PBXVariantGroup section */
		AB0FD1302A9667EE00E75270 /* Main.storyboard */ = {
			isa = PBXVariantGroup;
			children = (
				AB0FD1312A9667EE00E75270 /* Base */,
			);
			name = Main.storyboard;
			sourceTree = "<group>";
		};
		AB0FD1352A9667EE00E75270 /* LaunchScreen.storyboard */ = {
			isa = PBXVariantGroup;
			children = (
				AB0FD1362A9667EE00E75270 /* Base */,
			);
			name = LaunchScreen.storyboard;
			sourceTree = "<group>";
		};
/* End PBXVariantGroup section */

/* Begin XCBuildConfiguration section */
		AB09FE102A9D1A1200D0F192 /* Debug */ = {
			isa = XCBuildConfiguration;
			buildSettings = {
				BUNDLE_LOADER = "$(TEST_HOST)";
				CODE_SIGN_STYLE = Automatic;
				CURRENT_PROJECT_VERSION = 1;
				DEVELOPMENT_TEAM = 3Q8FDFK3WX;
				GENERATE_INFOPLIST_FILE = YES;
				INFOPLIST_FILE = "BM-Currency-GraduationTests/Info.plist";
				INFOPLIST_KEY_LSApplicationCategoryType = "";
				MARKETING_VERSION = 1.0;
				PRODUCT_BUNDLE_IDENTIFIER = "com.salah.12488.BM-Currency-GraduationTests";
				PRODUCT_NAME = "$(TARGET_NAME)";
				SWIFT_EMIT_LOC_STRINGS = NO;
				SWIFT_VERSION = 5.0;
				TARGETED_DEVICE_FAMILY = "1,2";
				TEST_HOST = "$(BUILT_PRODUCTS_DIR)/BM-Currency-Graduation.app/$(BUNDLE_EXECUTABLE_FOLDER_PATH)/BM-Currency-Graduation";
			};
			name = Debug;
		};
		AB09FE112A9D1A1200D0F192 /* Release */ = {
			isa = XCBuildConfiguration;
			buildSettings = {
				BUNDLE_LOADER = "$(TEST_HOST)";
				CODE_SIGN_STYLE = Automatic;
				CURRENT_PROJECT_VERSION = 1;
				DEVELOPMENT_TEAM = 3Q8FDFK3WX;
				GENERATE_INFOPLIST_FILE = YES;
				INFOPLIST_FILE = "BM-Currency-GraduationTests/Info.plist";
				INFOPLIST_KEY_LSApplicationCategoryType = "";
				MARKETING_VERSION = 1.0;
				PRODUCT_BUNDLE_IDENTIFIER = "com.salah.12488.BM-Currency-GraduationTests";
				PRODUCT_NAME = "$(TARGET_NAME)";
				SWIFT_EMIT_LOC_STRINGS = NO;
				SWIFT_VERSION = 5.0;
				TARGETED_DEVICE_FAMILY = "1,2";
				TEST_HOST = "$(BUILT_PRODUCTS_DIR)/BM-Currency-Graduation.app/$(BUNDLE_EXECUTABLE_FOLDER_PATH)/BM-Currency-Graduation";
			};
			name = Release;
		};
		AB0FD1392A9667EE00E75270 /* Debug */ = {
			isa = XCBuildConfiguration;
			buildSettings = {
				ALWAYS_SEARCH_USER_PATHS = NO;
				CLANG_ANALYZER_NONNULL = YES;
				CLANG_ANALYZER_NUMBER_OBJECT_CONVERSION = YES_AGGRESSIVE;
				CLANG_CXX_LANGUAGE_STANDARD = "gnu++20";
				CLANG_ENABLE_MODULES = YES;
				CLANG_ENABLE_OBJC_ARC = YES;
				CLANG_ENABLE_OBJC_WEAK = YES;
				CLANG_WARN_BLOCK_CAPTURE_AUTORELEASING = YES;
				CLANG_WARN_BOOL_CONVERSION = YES;
				CLANG_WARN_COMMA = YES;
				CLANG_WARN_CONSTANT_CONVERSION = YES;
				CLANG_WARN_DEPRECATED_OBJC_IMPLEMENTATIONS = YES;
				CLANG_WARN_DIRECT_OBJC_ISA_USAGE = YES_ERROR;
				CLANG_WARN_DOCUMENTATION_COMMENTS = YES;
				CLANG_WARN_EMPTY_BODY = YES;
				CLANG_WARN_ENUM_CONVERSION = YES;
				CLANG_WARN_INFINITE_RECURSION = YES;
				CLANG_WARN_INT_CONVERSION = YES;
				CLANG_WARN_NON_LITERAL_NULL_CONVERSION = YES;
				CLANG_WARN_OBJC_IMPLICIT_RETAIN_SELF = YES;
				CLANG_WARN_OBJC_LITERAL_CONVERSION = YES;
				CLANG_WARN_OBJC_ROOT_CLASS = YES_ERROR;
				CLANG_WARN_QUOTED_INCLUDE_IN_FRAMEWORK_HEADER = YES;
				CLANG_WARN_RANGE_LOOP_ANALYSIS = YES;
				CLANG_WARN_STRICT_PROTOTYPES = YES;
				CLANG_WARN_SUSPICIOUS_MOVE = YES;
				CLANG_WARN_UNGUARDED_AVAILABILITY = YES_AGGRESSIVE;
				CLANG_WARN_UNREACHABLE_CODE = YES;
				CLANG_WARN__DUPLICATE_METHOD_MATCH = YES;
				COPY_PHASE_STRIP = NO;
				DEBUG_INFORMATION_FORMAT = dwarf;
				ENABLE_STRICT_OBJC_MSGSEND = YES;
				ENABLE_TESTABILITY = YES;
				GCC_C_LANGUAGE_STANDARD = gnu11;
				GCC_DYNAMIC_NO_PIC = NO;
				GCC_NO_COMMON_BLOCKS = YES;
				GCC_OPTIMIZATION_LEVEL = 0;
				GCC_PREPROCESSOR_DEFINITIONS = (
					"DEBUG=1",
					"$(inherited)",
				);
				GCC_WARN_64_TO_32_BIT_CONVERSION = YES;
				GCC_WARN_ABOUT_RETURN_TYPE = YES_ERROR;
				GCC_WARN_UNDECLARED_SELECTOR = YES;
				GCC_WARN_UNINITIALIZED_AUTOS = YES_AGGRESSIVE;
				GCC_WARN_UNUSED_FUNCTION = YES;
				GCC_WARN_UNUSED_VARIABLE = YES;
				IPHONEOS_DEPLOYMENT_TARGET = 16.4;
				MTL_ENABLE_DEBUG_INFO = INCLUDE_SOURCE;
				MTL_FAST_MATH = YES;
				ONLY_ACTIVE_ARCH = YES;
				SDKROOT = iphoneos;
				SWIFT_ACTIVE_COMPILATION_CONDITIONS = DEBUG;
				SWIFT_OPTIMIZATION_LEVEL = "-Onone";
			};
			name = Debug;
		};
		AB0FD13A2A9667EE00E75270 /* Release */ = {
			isa = XCBuildConfiguration;
			buildSettings = {
				ALWAYS_SEARCH_USER_PATHS = NO;
				CLANG_ANALYZER_NONNULL = YES;
				CLANG_ANALYZER_NUMBER_OBJECT_CONVERSION = YES_AGGRESSIVE;
				CLANG_CXX_LANGUAGE_STANDARD = "gnu++20";
				CLANG_ENABLE_MODULES = YES;
				CLANG_ENABLE_OBJC_ARC = YES;
				CLANG_ENABLE_OBJC_WEAK = YES;
				CLANG_WARN_BLOCK_CAPTURE_AUTORELEASING = YES;
				CLANG_WARN_BOOL_CONVERSION = YES;
				CLANG_WARN_COMMA = YES;
				CLANG_WARN_CONSTANT_CONVERSION = YES;
				CLANG_WARN_DEPRECATED_OBJC_IMPLEMENTATIONS = YES;
				CLANG_WARN_DIRECT_OBJC_ISA_USAGE = YES_ERROR;
				CLANG_WARN_DOCUMENTATION_COMMENTS = YES;
				CLANG_WARN_EMPTY_BODY = YES;
				CLANG_WARN_ENUM_CONVERSION = YES;
				CLANG_WARN_INFINITE_RECURSION = YES;
				CLANG_WARN_INT_CONVERSION = YES;
				CLANG_WARN_NON_LITERAL_NULL_CONVERSION = YES;
				CLANG_WARN_OBJC_IMPLICIT_RETAIN_SELF = YES;
				CLANG_WARN_OBJC_LITERAL_CONVERSION = YES;
				CLANG_WARN_OBJC_ROOT_CLASS = YES_ERROR;
				CLANG_WARN_QUOTED_INCLUDE_IN_FRAMEWORK_HEADER = YES;
				CLANG_WARN_RANGE_LOOP_ANALYSIS = YES;
				CLANG_WARN_STRICT_PROTOTYPES = YES;
				CLANG_WARN_SUSPICIOUS_MOVE = YES;
				CLANG_WARN_UNGUARDED_AVAILABILITY = YES_AGGRESSIVE;
				CLANG_WARN_UNREACHABLE_CODE = YES;
				CLANG_WARN__DUPLICATE_METHOD_MATCH = YES;
				COPY_PHASE_STRIP = NO;
				DEBUG_INFORMATION_FORMAT = "dwarf-with-dsym";
				ENABLE_NS_ASSERTIONS = NO;
				ENABLE_STRICT_OBJC_MSGSEND = YES;
				GCC_C_LANGUAGE_STANDARD = gnu11;
				GCC_NO_COMMON_BLOCKS = YES;
				GCC_WARN_64_TO_32_BIT_CONVERSION = YES;
				GCC_WARN_ABOUT_RETURN_TYPE = YES_ERROR;
				GCC_WARN_UNDECLARED_SELECTOR = YES;
				GCC_WARN_UNINITIALIZED_AUTOS = YES_AGGRESSIVE;
				GCC_WARN_UNUSED_FUNCTION = YES;
				GCC_WARN_UNUSED_VARIABLE = YES;
				IPHONEOS_DEPLOYMENT_TARGET = 16.4;
				MTL_ENABLE_DEBUG_INFO = NO;
				MTL_FAST_MATH = YES;
				SDKROOT = iphoneos;
				SWIFT_COMPILATION_MODE = wholemodule;
				SWIFT_OPTIMIZATION_LEVEL = "-O";
				VALIDATE_PRODUCT = YES;
			};
			name = Release;
		};
		AB0FD13C2A9667EE00E75270 /* Debug */ = {
			isa = XCBuildConfiguration;
			buildSettings = {
				ASSETCATALOG_COMPILER_APPICON_NAME = AppIcon;
				ASSETCATALOG_COMPILER_GLOBAL_ACCENT_COLOR_NAME = AccentColor;
				CODE_SIGN_STYLE = Automatic;
				CURRENT_PROJECT_VERSION = 1;
				DEVELOPMENT_TEAM = 3Q8FDFK3WX;
				GENERATE_INFOPLIST_FILE = YES;
				INFOPLIST_FILE = "BM-Currency-Graduation/Info.plist";
				INFOPLIST_KEY_UIApplicationSupportsIndirectInputEvents = YES;
				INFOPLIST_KEY_UILaunchStoryboardName = LaunchScreen;
				INFOPLIST_KEY_UIMainStoryboardFile = Main;
				INFOPLIST_KEY_UISupportedInterfaceOrientations_iPad = "UIInterfaceOrientationPortrait UIInterfaceOrientationPortraitUpsideDown UIInterfaceOrientationLandscapeLeft UIInterfaceOrientationLandscapeRight";
				INFOPLIST_KEY_UISupportedInterfaceOrientations_iPhone = "UIInterfaceOrientationPortrait UIInterfaceOrientationLandscapeLeft UIInterfaceOrientationLandscapeRight";
				LD_RUNPATH_SEARCH_PATHS = (
					"$(inherited)",
					"@executable_path/Frameworks",
				);
				MARKETING_VERSION = 1.0;
				PRODUCT_BUNDLE_IDENTIFIER = "com.salah.12488.BM-Currency-Graduation";
				PRODUCT_NAME = "$(TARGET_NAME)";
				SWIFT_EMIT_LOC_STRINGS = YES;
				SWIFT_VERSION = 5.0;
				TARGETED_DEVICE_FAMILY = "1,2";
			};
			name = Debug;
		};
		AB0FD13D2A9667EE00E75270 /* Release */ = {
			isa = XCBuildConfiguration;
			buildSettings = {
				ASSETCATALOG_COMPILER_APPICON_NAME = AppIcon;
				ASSETCATALOG_COMPILER_GLOBAL_ACCENT_COLOR_NAME = AccentColor;
				CODE_SIGN_STYLE = Automatic;
				CURRENT_PROJECT_VERSION = 1;
				DEVELOPMENT_TEAM = 3Q8FDFK3WX;
				GENERATE_INFOPLIST_FILE = YES;
				INFOPLIST_FILE = "BM-Currency-Graduation/Info.plist";
				INFOPLIST_KEY_UIApplicationSupportsIndirectInputEvents = YES;
				INFOPLIST_KEY_UILaunchStoryboardName = LaunchScreen;
				INFOPLIST_KEY_UIMainStoryboardFile = Main;
				INFOPLIST_KEY_UISupportedInterfaceOrientations_iPad = "UIInterfaceOrientationPortrait UIInterfaceOrientationPortraitUpsideDown UIInterfaceOrientationLandscapeLeft UIInterfaceOrientationLandscapeRight";
				INFOPLIST_KEY_UISupportedInterfaceOrientations_iPhone = "UIInterfaceOrientationPortrait UIInterfaceOrientationLandscapeLeft UIInterfaceOrientationLandscapeRight";
				LD_RUNPATH_SEARCH_PATHS = (
					"$(inherited)",
					"@executable_path/Frameworks",
				);
				MARKETING_VERSION = 1.0;
				PRODUCT_BUNDLE_IDENTIFIER = "com.salah.12488.BM-Currency-Graduation";
				PRODUCT_NAME = "$(TARGET_NAME)";
				SWIFT_EMIT_LOC_STRINGS = YES;
				SWIFT_VERSION = 5.0;
				TARGETED_DEVICE_FAMILY = "1,2";
			};
			name = Release;
		};
/* End XCBuildConfiguration section */

/* Begin XCConfigurationList section */
		AB09FE122A9D1A1200D0F192 /* Build configuration list for PBXNativeTarget "BM-Currency-GraduationTests" */ = {
			isa = XCConfigurationList;
			buildConfigurations = (
				AB09FE102A9D1A1200D0F192 /* Debug */,
				AB09FE112A9D1A1200D0F192 /* Release */,
			);
			defaultConfigurationIsVisible = 0;
			defaultConfigurationName = Release;
		};
		AB0FD1222A9667ED00E75270 /* Build configuration list for PBXProject "BM-Currency-Graduation" */ = {
			isa = XCConfigurationList;
			buildConfigurations = (
				AB0FD1392A9667EE00E75270 /* Debug */,
				AB0FD13A2A9667EE00E75270 /* Release */,
			);
			defaultConfigurationIsVisible = 0;
			defaultConfigurationName = Release;
		};
		AB0FD13B2A9667EE00E75270 /* Build configuration list for PBXNativeTarget "BM-Currency-Graduation" */ = {
			isa = XCConfigurationList;
			buildConfigurations = (
				AB0FD13C2A9667EE00E75270 /* Debug */,
				AB0FD13D2A9667EE00E75270 /* Release */,
			);
			defaultConfigurationIsVisible = 0;
			defaultConfigurationName = Release;
		};
/* End XCConfigurationList section */

/* Begin XCRemoteSwiftPackageReference section */
		AB0094022A995CF200BF0BD9 /* XCRemoteSwiftPackageReference "OptionallyDecodable" */ = {
			isa = XCRemoteSwiftPackageReference;
			repositoryURL = "https://github.com/idrougge/OptionallyDecodable";
			requirement = {
				kind = upToNextMajorVersion;
				minimumVersion = 1.0.0;
			};
		};
		AB0094052A99630E00BF0BD9 /* XCRemoteSwiftPackageReference "SDWebImageSwiftUI" */ = {
			isa = XCRemoteSwiftPackageReference;
			repositoryURL = "https://github.com/SDWebImage/SDWebImageSwiftUI";
			requirement = {
				kind = upToNextMajorVersion;
				minimumVersion = 2.0.0;
			};
		};
		AB0094082A996AE900BF0BD9 /* XCRemoteSwiftPackageReference "SDWebImageSVGCoder" */ = {
			isa = XCRemoteSwiftPackageReference;
			repositoryURL = "https://github.com/SDWebImage/SDWebImageSVGCoder";
			requirement = {
				kind = upToNextMajorVersion;
				minimumVersion = 1.0.0;
			};
		};
		AB09FE302A9D637D00D0F192 /* XCRemoteSwiftPackageReference "RxSwift" */ = {
			isa = XCRemoteSwiftPackageReference;
			repositoryURL = "https://github.com/ReactiveX/RxSwift";
			requirement = {
				kind = upToNextMajorVersion;
				minimumVersion = 6.0.0;
			};
		};
		AB49F7BD2A98000B001A7F15 /* XCRemoteSwiftPackageReference "iOSDropDown" */ = {
			isa = XCRemoteSwiftPackageReference;
			repositoryURL = "https://github.com/jriosdev/iOSDropDown";
			requirement = {
				kind = upToNextMajorVersion;
				minimumVersion = 0.4.0;
			};
		};
		AB55D2E52A9AA8EB00661288 /* XCRemoteSwiftPackageReference "realm-swift" */ = {
			isa = XCRemoteSwiftPackageReference;
			repositoryURL = "https://github.com/realm/realm-swift";
			requirement = {
				branch = master;
				kind = branch;
			};
		};
/* End XCRemoteSwiftPackageReference section */

/* Begin XCSwiftPackageProductDependency section */
		AB0094032A995CF300BF0BD9 /* OptionallyDecodable */ = {
			isa = XCSwiftPackageProductDependency;
			package = AB0094022A995CF200BF0BD9 /* XCRemoteSwiftPackageReference "OptionallyDecodable" */;
			productName = OptionallyDecodable;
		};
		AB0094062A99630E00BF0BD9 /* SDWebImageSwiftUI */ = {
			isa = XCSwiftPackageProductDependency;
			package = AB0094052A99630E00BF0BD9 /* XCRemoteSwiftPackageReference "SDWebImageSwiftUI" */;
			productName = SDWebImageSwiftUI;
		};
		AB0094092A996AE900BF0BD9 /* SDWebImageSVGCoder */ = {
			isa = XCSwiftPackageProductDependency;
			package = AB0094082A996AE900BF0BD9 /* XCRemoteSwiftPackageReference "SDWebImageSVGCoder" */;
			productName = SDWebImageSVGCoder;
		};
		AB09FE162A9D1B0900D0F192 /* iOSDropDown */ = {
			isa = XCSwiftPackageProductDependency;
			package = AB49F7BD2A98000B001A7F15 /* XCRemoteSwiftPackageReference "iOSDropDown" */;
			productName = iOSDropDown;
		};
		AB09FE202A9D1B0900D0F192 /* OptionallyDecodable */ = {
			isa = XCSwiftPackageProductDependency;
			package = AB0094022A995CF200BF0BD9 /* XCRemoteSwiftPackageReference "OptionallyDecodable" */;
			productName = OptionallyDecodable;
		};
		AB09FE222A9D1B0900D0F192 /* SDWebImageSwiftUI */ = {
			isa = XCSwiftPackageProductDependency;
			package = AB0094052A99630E00BF0BD9 /* XCRemoteSwiftPackageReference "SDWebImageSwiftUI" */;
			productName = SDWebImageSwiftUI;
		};
		AB09FE242A9D1B0900D0F192 /* SDWebImageSVGCoder */ = {
			isa = XCSwiftPackageProductDependency;
			package = AB0094082A996AE900BF0BD9 /* XCRemoteSwiftPackageReference "SDWebImageSVGCoder" */;
			productName = SDWebImageSVGCoder;
		};
		AB09FE262A9D1B0900D0F192 /* Realm */ = {
			isa = XCSwiftPackageProductDependency;
			package = AB55D2E52A9AA8EB00661288 /* XCRemoteSwiftPackageReference "realm-swift" */;
			productName = Realm;
		};
		AB09FE312A9D637D00D0F192 /* RxBlocking */ = {
			isa = XCSwiftPackageProductDependency;
			package = AB09FE302A9D637D00D0F192 /* XCRemoteSwiftPackageReference "RxSwift" */;
			productName = RxBlocking;
		};
		AB09FE332A9D637D00D0F192 /* RxCocoa */ = {
			isa = XCSwiftPackageProductDependency;
			package = AB09FE302A9D637D00D0F192 /* XCRemoteSwiftPackageReference "RxSwift" */;
			productName = RxCocoa;
		};
		AB09FE352A9D637D00D0F192 /* RxRelay */ = {
			isa = XCSwiftPackageProductDependency;
			package = AB09FE302A9D637D00D0F192 /* XCRemoteSwiftPackageReference "RxSwift" */;
			productName = RxRelay;
		};
		AB09FE372A9D637D00D0F192 /* RxSwift */ = {
			isa = XCSwiftPackageProductDependency;
			package = AB09FE302A9D637D00D0F192 /* XCRemoteSwiftPackageReference "RxSwift" */;
			productName = RxSwift;
		};
		AB09FE3B2A9D63B000D0F192 /* RxBlocking */ = {
			isa = XCSwiftPackageProductDependency;
			package = AB09FE302A9D637D00D0F192 /* XCRemoteSwiftPackageReference "RxSwift" */;
			productName = RxBlocking;
		};
		AB09FE3D2A9D63B000D0F192 /* RxCocoa */ = {
			isa = XCSwiftPackageProductDependency;
			package = AB09FE302A9D637D00D0F192 /* XCRemoteSwiftPackageReference "RxSwift" */;
			productName = RxCocoa;
		};
		AB09FE3F2A9D63B000D0F192 /* RxRelay */ = {
			isa = XCSwiftPackageProductDependency;
			package = AB09FE302A9D637D00D0F192 /* XCRemoteSwiftPackageReference "RxSwift" */;
			productName = RxRelay;
		};
		AB09FE412A9D63B000D0F192 /* RxSwift */ = {
			isa = XCSwiftPackageProductDependency;
			package = AB09FE302A9D637D00D0F192 /* XCRemoteSwiftPackageReference "RxSwift" */;
			productName = RxSwift;
		};
		AB09FE482A9DF2B500D0F192 /* RxTest-Dynamic */ = {
			isa = XCSwiftPackageProductDependency;
			package = AB09FE302A9D637D00D0F192 /* XCRemoteSwiftPackageReference "RxSwift" */;
			productName = "RxTest-Dynamic";
		};
		AB49F7BE2A98000B001A7F15 /* iOSDropDown */ = {
			isa = XCSwiftPackageProductDependency;
			package = AB49F7BD2A98000B001A7F15 /* XCRemoteSwiftPackageReference "iOSDropDown" */;
			productName = iOSDropDown;
		};
		AB55D2E62A9AA8EB00661288 /* Realm */ = {
			isa = XCSwiftPackageProductDependency;
			package = AB55D2E52A9AA8EB00661288 /* XCRemoteSwiftPackageReference "realm-swift" */;
			productName = Realm;
		};
		AB55D2E82A9AA8EB00661288 /* RealmSwift */ = {
			isa = XCSwiftPackageProductDependency;
			package = AB55D2E52A9AA8EB00661288 /* XCRemoteSwiftPackageReference "realm-swift" */;
			productName = RealmSwift;
		};
/* End XCSwiftPackageProductDependency section */
	};
	rootObject = AB0FD11F2A9667ED00E75270 /* Project object */;
}
